
Microsoft Visual Studio Solution File, Format Version 12.00
# Visual Studio 2013
VisualStudioVersion = 12.0.40629.0
MinimumVisualStudioVersion = 10.0.40219.1
Project("{FAE04EC0-301F-11D3-BF4B-00C04F79EFBC}") = "Problem1", "Problem1\Problem1.csproj", "{93AB14C6-4AD5-407D-B2BE-798294129CDF}"
EndProject
Project("{FAE04EC0-301F-11D3-BF4B-00C04F79EFBC}") = "Problem2", "Problem2\Problem2.csproj", "{89220086-5D80-474F-A116-26DBA0167FD6}"
EndProject
Project("{FAE04EC0-301F-11D3-BF4B-00C04F79EFBC}") = "Problem3", "Problem3\Problem3.csproj", "{FF0E387A-6240-47A2-9E80-7D74EFF9EAE9}"
EndProject
Global
	GlobalSection(SolutionConfigurationPlatforms) = preSolution
		Debug|Any CPU = Debug|Any CPU
		Release|Any CPU = Release|Any CPU
	EndGlobalSection
	GlobalSection(ProjectConfigurationPlatforms) = postSolution
		{93AB14C6-4AD5-407D-B2BE-798294129CDF}.Debug|Any CPU.ActiveCfg = Debug|Any CPU
		{93AB14C6-4AD5-407D-B2BE-798294129CDF}.Debug|Any CPU.Build.0 = Debug|Any CPU
		{93AB14C6-4AD5-407D-B2BE-798294129CDF}.Release|Any CPU.ActiveCfg = Release|Any CPU
		{93AB14C6-4AD5-407D-B2BE-798294129CDF}.Release|Any CPU.Build.0 = Release|Any CPU
		{89220086-5D80-474F-A116-26DBA0167FD6}.Debug|Any CPU.ActiveCfg = Debug|Any CPU
		{89220086-5D80-474F-A116-26DBA0167FD6}.Debug|Any CPU.Build.0 = Debug|Any CPU
		{89220086-5D80-474F-A116-26DBA0167FD6}.Release|Any CPU.ActiveCfg = Release|Any CPU
		{89220086-5D80-474F-A116-26DBA0167FD6}.Release|Any CPU.Build.0 = Release|Any CPU
		{FF0E387A-6240-47A2-9E80-7D74EFF9EAE9}.Debug|Any CPU.ActiveCfg = Debug|Any CPU
		{FF0E387A-6240-47A2-9E80-7D74EFF9EAE9}.Debug|Any CPU.Build.0 = Debug|Any CPU
		{FF0E387A-6240-47A2-9E80-7D74EFF9EAE9}.Release|Any CPU.ActiveCfg = Release|Any CPU
		{FF0E387A-6240-47A2-9E80-7D74EFF9EAE9}.Release|Any CPU.Build.0 = Release|Any CPU
	EndGlobalSection
	GlobalSection(SolutionProperties) = preSolution
		HideSolutionNode = FALSE
	EndGlobalSection
EndGlobal
