
Microsoft Visual Studio Solution File, Format Version 12.00
# Visual Studio 2013
VisualStudioVersion = 12.0.40629.0
MinimumVisualStudioVersion = 10.0.40219.1
Project("{FAE04EC0-301F-11D3-BF4B-00C04F79EFBC}") = "Problem2.ReverseString", "Problem2.ReverseString\Problem2.ReverseString.csproj", "{4A7E540F-B69A-4FCF-8EE8-010B1A144797}"
EndProject
Project("{FAE04EC0-301F-11D3-BF4B-00C04F79EFBC}") = "Problem3.CorrectBrackets", "Problem3.CorrectBrackets\Problem3.CorrectBrackets.csproj", "{4D33F8DE-486D-48C7-A65F-5FB3394ED9C4}"
EndProject
Project("{FAE04EC0-301F-11D3-BF4B-00C04F79EFBC}") = "Problem4.SubstringInText", "Problem4.SubstringInText\Problem4.SubstringInText.csproj", "{978261EF-927D-4B38-AB8C-64CE4AEB178D}"
EndProject
Project("{FAE04EC0-301F-11D3-BF4B-00C04F79EFBC}") = "Problem5.ParseTags", "Problem5.ParseTags\Problem5.ParseTags.csproj", "{206C364B-EF98-47D1-B84B-A8A8D4213683}"
EndProject
Project("{FAE04EC0-301F-11D3-BF4B-00C04F79EFBC}") = "Problem6.StringLength", "Problem6.StringLength\Problem6.StringLength.csproj", "{EF1C256D-A440-4110-81BB-37C18FADC234}"
EndProject
Project("{FAE04EC0-301F-11D3-BF4B-00C04F79EFBC}") = "Problem7.EncodeDecode", "Problem7.EncodeDecode\Problem7.EncodeDecode.csproj", "{D656813E-C88C-4965-B03C-ED1214B887F4}"
EndProject
Project("{FAE04EC0-301F-11D3-BF4B-00C04F79EFBC}") = "Problem8.ExtractSentences", "Problem8.ExtractSentences\Problem8.ExtractSentences.csproj", "{6A5566A0-FAF0-49AC-9425-1958187E5C67}"
EndProject
Project("{FAE04EC0-301F-11D3-BF4B-00C04F79EFBC}") = "Problem9.ForbiddenWords", "Problem9.ForbiddenWords\Problem9.ForbiddenWords.csproj", "{0F9BE8E5-8153-44AE-A2AC-6FDEE56E2FCC}"
EndProject
Project("{FAE04EC0-301F-11D3-BF4B-00C04F79EFBC}") = "Problem10.UnicodeCharacters", "Problem10.UnicodeCharacters\Problem10.UnicodeCharacters.csproj", "{7CAFECD8-6042-481D-BA14-F44E7BB30B62}"
EndProject
Project("{FAE04EC0-301F-11D3-BF4B-00C04F79EFBC}") = "Problem11.FormatNumber", "Problem11.FormatNumber\Problem11.FormatNumber.csproj", "{5B712C8B-9958-4D6E-A546-95B441E57495}"
EndProject
Project("{FAE04EC0-301F-11D3-BF4B-00C04F79EFBC}") = "Problem12.ParseURL", "Problem12.ParseURL\Problem12.ParseURL.csproj", "{5022AAEB-68A7-405C-80CF-7D110D9E6A06}"
EndProject
Project("{FAE04EC0-301F-11D3-BF4B-00C04F79EFBC}") = "Problem13.ReverseSentence", "Problem13.ReverseSentence\Problem13.ReverseSentence.csproj", "{FC044180-D8FD-4817-8662-D5B1854589F8}"
EndProject
Project("{FAE04EC0-301F-11D3-BF4B-00C04F79EFBC}") = "Problem14.WordDictionary", "Problem14.WordDictionary\Problem14.WordDictionary.csproj", "{6A1896A4-8720-4F64-91AC-E25FBF43AC1D}"
EndProject
Project("{FAE04EC0-301F-11D3-BF4B-00C04F79EFBC}") = "Problem15.ReplaceTags", "Problem15.ReplaceTags\Problem15.ReplaceTags.csproj", "{CE1433F5-7AD8-4F18-ABFE-031CD873E067}"
EndProject
Project("{FAE04EC0-301F-11D3-BF4B-00C04F79EFBC}") = "Problem16.DateDifference", "Problem16.DateDifference\Problem16.DateDifference.csproj", "{E9F6BDB4-8DFB-46A9-9851-43FAA51F7C89}"
EndProject
Project("{FAE04EC0-301F-11D3-BF4B-00C04F79EFBC}") = "Problem17.DateInBulgarian", "Problem17.DateInBulgarian\Problem17.DateInBulgarian.csproj", "{1A2ADD46-9163-4D11-BA1D-F64E0DD8F45E}"
EndProject
Global
	GlobalSection(SolutionConfigurationPlatforms) = preSolution
		Debug|Any CPU = Debug|Any CPU
		Release|Any CPU = Release|Any CPU
	EndGlobalSection
	GlobalSection(ProjectConfigurationPlatforms) = postSolution
		{4A7E540F-B69A-4FCF-8EE8-010B1A144797}.Debug|Any CPU.ActiveCfg = Debug|Any CPU
		{4A7E540F-B69A-4FCF-8EE8-010B1A144797}.Debug|Any CPU.Build.0 = Debug|Any CPU
		{4A7E540F-B69A-4FCF-8EE8-010B1A144797}.Release|Any CPU.ActiveCfg = Release|Any CPU
		{4A7E540F-B69A-4FCF-8EE8-010B1A144797}.Release|Any CPU.Build.0 = Release|Any CPU
		{4D33F8DE-486D-48C7-A65F-5FB3394ED9C4}.Debug|Any CPU.ActiveCfg = Debug|Any CPU
		{4D33F8DE-486D-48C7-A65F-5FB3394ED9C4}.Debug|Any CPU.Build.0 = Debug|Any CPU
		{4D33F8DE-486D-48C7-A65F-5FB3394ED9C4}.Release|Any CPU.ActiveCfg = Release|Any CPU
		{4D33F8DE-486D-48C7-A65F-5FB3394ED9C4}.Release|Any CPU.Build.0 = Release|Any CPU
		{978261EF-927D-4B38-AB8C-64CE4AEB178D}.Debug|Any CPU.ActiveCfg = Debug|Any CPU
		{978261EF-927D-4B38-AB8C-64CE4AEB178D}.Debug|Any CPU.Build.0 = Debug|Any CPU
		{978261EF-927D-4B38-AB8C-64CE4AEB178D}.Release|Any CPU.ActiveCfg = Release|Any CPU
		{978261EF-927D-4B38-AB8C-64CE4AEB178D}.Release|Any CPU.Build.0 = Release|Any CPU
		{206C364B-EF98-47D1-B84B-A8A8D4213683}.Debug|Any CPU.ActiveCfg = Debug|Any CPU
		{206C364B-EF98-47D1-B84B-A8A8D4213683}.Debug|Any CPU.Build.0 = Debug|Any CPU
		{206C364B-EF98-47D1-B84B-A8A8D4213683}.Release|Any CPU.ActiveCfg = Release|Any CPU
		{206C364B-EF98-47D1-B84B-A8A8D4213683}.Release|Any CPU.Build.0 = Release|Any CPU
		{EF1C256D-A440-4110-81BB-37C18FADC234}.Debug|Any CPU.ActiveCfg = Debug|Any CPU
		{EF1C256D-A440-4110-81BB-37C18FADC234}.Debug|Any CPU.Build.0 = Debug|Any CPU
		{EF1C256D-A440-4110-81BB-37C18FADC234}.Release|Any CPU.ActiveCfg = Release|Any CPU
		{EF1C256D-A440-4110-81BB-37C18FADC234}.Release|Any CPU.Build.0 = Release|Any CPU
		{D656813E-C88C-4965-B03C-ED1214B887F4}.Debug|Any CPU.ActiveCfg = Debug|Any CPU
		{D656813E-C88C-4965-B03C-ED1214B887F4}.Debug|Any CPU.Build.0 = Debug|Any CPU
		{D656813E-C88C-4965-B03C-ED1214B887F4}.Release|Any CPU.ActiveCfg = Release|Any CPU
		{D656813E-C88C-4965-B03C-ED1214B887F4}.Release|Any CPU.Build.0 = Release|Any CPU
		{6A5566A0-FAF0-49AC-9425-1958187E5C67}.Debug|Any CPU.ActiveCfg = Debug|Any CPU
		{6A5566A0-FAF0-49AC-9425-1958187E5C67}.Debug|Any CPU.Build.0 = Debug|Any CPU
		{6A5566A0-FAF0-49AC-9425-1958187E5C67}.Release|Any CPU.ActiveCfg = Release|Any CPU
		{6A5566A0-FAF0-49AC-9425-1958187E5C67}.Release|Any CPU.Build.0 = Release|Any CPU
		{0F9BE8E5-8153-44AE-A2AC-6FDEE56E2FCC}.Debug|Any CPU.ActiveCfg = Debug|Any CPU
		{0F9BE8E5-8153-44AE-A2AC-6FDEE56E2FCC}.Debug|Any CPU.Build.0 = Debug|Any CPU
		{0F9BE8E5-8153-44AE-A2AC-6FDEE56E2FCC}.Release|Any CPU.ActiveCfg = Release|Any CPU
		{0F9BE8E5-8153-44AE-A2AC-6FDEE56E2FCC}.Release|Any CPU.Build.0 = Release|Any CPU
		{7CAFECD8-6042-481D-BA14-F44E7BB30B62}.Debug|Any CPU.ActiveCfg = Debug|Any CPU
		{7CAFECD8-6042-481D-BA14-F44E7BB30B62}.Debug|Any CPU.Build.0 = Debug|Any CPU
		{7CAFECD8-6042-481D-BA14-F44E7BB30B62}.Release|Any CPU.ActiveCfg = Release|Any CPU
		{7CAFECD8-6042-481D-BA14-F44E7BB30B62}.Release|Any CPU.Build.0 = Release|Any CPU
		{5B712C8B-9958-4D6E-A546-95B441E57495}.Debug|Any CPU.ActiveCfg = Debug|Any CPU
		{5B712C8B-9958-4D6E-A546-95B441E57495}.Debug|Any CPU.Build.0 = Debug|Any CPU
		{5B712C8B-9958-4D6E-A546-95B441E57495}.Release|Any CPU.ActiveCfg = Release|Any CPU
		{5B712C8B-9958-4D6E-A546-95B441E57495}.Release|Any CPU.Build.0 = Release|Any CPU
		{5022AAEB-68A7-405C-80CF-7D110D9E6A06}.Debug|Any CPU.ActiveCfg = Debug|Any CPU
		{5022AAEB-68A7-405C-80CF-7D110D9E6A06}.Debug|Any CPU.Build.0 = Debug|Any CPU
		{5022AAEB-68A7-405C-80CF-7D110D9E6A06}.Release|Any CPU.ActiveCfg = Release|Any CPU
		{5022AAEB-68A7-405C-80CF-7D110D9E6A06}.Release|Any CPU.Build.0 = Release|Any CPU
		{FC044180-D8FD-4817-8662-D5B1854589F8}.Debug|Any CPU.ActiveCfg = Debug|Any CPU
		{FC044180-D8FD-4817-8662-D5B1854589F8}.Debug|Any CPU.Build.0 = Debug|Any CPU
		{FC044180-D8FD-4817-8662-D5B1854589F8}.Release|Any CPU.ActiveCfg = Release|Any CPU
		{FC044180-D8FD-4817-8662-D5B1854589F8}.Release|Any CPU.Build.0 = Release|Any CPU
		{6A1896A4-8720-4F64-91AC-E25FBF43AC1D}.Debug|Any CPU.ActiveCfg = Debug|Any CPU
		{6A1896A4-8720-4F64-91AC-E25FBF43AC1D}.Debug|Any CPU.Build.0 = Debug|Any CPU
		{6A1896A4-8720-4F64-91AC-E25FBF43AC1D}.Release|Any CPU.ActiveCfg = Release|Any CPU
		{6A1896A4-8720-4F64-91AC-E25FBF43AC1D}.Release|Any CPU.Build.0 = Release|Any CPU
		{CE1433F5-7AD8-4F18-ABFE-031CD873E067}.Debug|Any CPU.ActiveCfg = Debug|Any CPU
		{CE1433F5-7AD8-4F18-ABFE-031CD873E067}.Debug|Any CPU.Build.0 = Debug|Any CPU
		{CE1433F5-7AD8-4F18-ABFE-031CD873E067}.Release|Any CPU.ActiveCfg = Release|Any CPU
		{CE1433F5-7AD8-4F18-ABFE-031CD873E067}.Release|Any CPU.Build.0 = Release|Any CPU
		{E9F6BDB4-8DFB-46A9-9851-43FAA51F7C89}.Debug|Any CPU.ActiveCfg = Debug|Any CPU
		{E9F6BDB4-8DFB-46A9-9851-43FAA51F7C89}.Debug|Any CPU.Build.0 = Debug|Any CPU
		{E9F6BDB4-8DFB-46A9-9851-43FAA51F7C89}.Release|Any CPU.ActiveCfg = Release|Any CPU
		{E9F6BDB4-8DFB-46A9-9851-43FAA51F7C89}.Release|Any CPU.Build.0 = Release|Any CPU
		{1A2ADD46-9163-4D11-BA1D-F64E0DD8F45E}.Debug|Any CPU.ActiveCfg = Debug|Any CPU
		{1A2ADD46-9163-4D11-BA1D-F64E0DD8F45E}.Debug|Any CPU.Build.0 = Debug|Any CPU
		{1A2ADD46-9163-4D11-BA1D-F64E0DD8F45E}.Release|Any CPU.ActiveCfg = Release|Any CPU
		{1A2ADD46-9163-4D11-BA1D-F64E0DD8F45E}.Release|Any CPU.Build.0 = Release|Any CPU
	EndGlobalSection
	GlobalSection(SolutionProperties) = preSolution
		HideSolutionNode = FALSE
	EndGlobalSection
EndGlobal
