
Microsoft Visual Studio Solution File, Format Version 12.00
# Visual Studio 2013
VisualStudioVersion = 12.0.40629.0
MinimumVisualStudioVersion = 10.0.40219.1
Project("{FAE04EC0-301F-11D3-BF4B-00C04F79EFBC}") = "Problem1.OddLines", "Problem1.OddLines\Problem1.OddLines.csproj", "{FA9FB8BC-D7C4-4701-8979-AD09CA2340BE}"
EndProject
Project("{FAE04EC0-301F-11D3-BF4B-00C04F79EFBC}") = "Problem2.ConcatenateTextFiles", "Problem2.ConcatenateTextFiles\Problem2.ConcatenateTextFiles.csproj", "{AF6F573A-7610-4AA3-9E42-6F7EB80D4F64}"
EndProject
Project("{FAE04EC0-301F-11D3-BF4B-00C04F79EFBC}") = "Problem3.LineNumbers", "Problem3.LineNumbers\Problem3.LineNumbers.csproj", "{AAE8AC71-0A22-48DE-8CA2-CCFAD54A9FAE}"
EndProject
Project("{FAE04EC0-301F-11D3-BF4B-00C04F79EFBC}") = "Problem4.CompareTextFiles", "Problem4.CompareTextFiles\Problem4.CompareTextFiles.csproj", "{BC621A78-A4AC-47D4-8B4B-BB20C922A939}"
EndProject
Project("{FAE04EC0-301F-11D3-BF4B-00C04F79EFBC}") = "Problem5.MaximalAreaSum", "Problem5.MaximalAreaSum\Problem5.MaximalAreaSum.csproj", "{89FF15DE-D495-4104-97C6-EFCA41EC7EE9}"
EndProject
Project("{FAE04EC0-301F-11D3-BF4B-00C04F79EFBC}") = "Problem6.SaveSortedNames", "Problem6.SaveSortedNames\Problem6.SaveSortedNames.csproj", "{993351F8-05E1-4B0A-99D7-50C8D9359678}"
EndProject
Project("{FAE04EC0-301F-11D3-BF4B-00C04F79EFBC}") = "Problem7.ReplaceSub-string", "Problem7.ReplaceSub-string\Problem7.ReplaceSub-string.csproj", "{F92826F4-19D6-4151-93FB-BD134C124240}"
EndProject
Project("{FAE04EC0-301F-11D3-BF4B-00C04F79EFBC}") = "Problem8.ReplaceWholeWord", "Problem8.ReplaceWholeWord\Problem8.ReplaceWholeWord.csproj", "{CDA2BD44-8E75-4454-8C12-A8F8590A8475}"
EndProject
Project("{FAE04EC0-301F-11D3-BF4B-00C04F79EFBC}") = "Problem9.DeleteOddLines", "Problem9.DeleteOddLines\Problem9.DeleteOddLines.csproj", "{9F4815DE-59D7-4F98-B6F2-7D8ABA23C549}"
EndProject
Project("{FAE04EC0-301F-11D3-BF4B-00C04F79EFBC}") = "Problem10.ExtractTextFromXML", "Problem10.ExtractTextFromXML\Problem10.ExtractTextFromXML.csproj", "{DE610AC1-70FE-4BBE-8B55-0FA439E5BB78}"
EndProject
Project("{FAE04EC0-301F-11D3-BF4B-00C04F79EFBC}") = "Problem11.PrefixTest", "Problem11.PrefixTest\Problem11.PrefixTest.csproj", "{6A124866-8429-47C3-BA54-E7B570A8940D}"
EndProject
Project("{FAE04EC0-301F-11D3-BF4B-00C04F79EFBC}") = "Problem12.RemoveWords", "Problem12.RemoveWords\Problem12.RemoveWords.csproj", "{64887F6B-F401-4C90-A1DE-79320919EA98}"
EndProject
Project("{FAE04EC0-301F-11D3-BF4B-00C04F79EFBC}") = "Problem13.CountWords", "Problem13.CountWords\Problem13.CountWords.csproj", "{A2BBB83C-9249-4C57-8A6F-657AB4DAEDA3}"
EndProject
Global
	GlobalSection(SolutionConfigurationPlatforms) = preSolution
		Debug|Any CPU = Debug|Any CPU
		Release|Any CPU = Release|Any CPU
	EndGlobalSection
	GlobalSection(ProjectConfigurationPlatforms) = postSolution
		{FA9FB8BC-D7C4-4701-8979-AD09CA2340BE}.Debug|Any CPU.ActiveCfg = Debug|Any CPU
		{FA9FB8BC-D7C4-4701-8979-AD09CA2340BE}.Debug|Any CPU.Build.0 = Debug|Any CPU
		{FA9FB8BC-D7C4-4701-8979-AD09CA2340BE}.Release|Any CPU.ActiveCfg = Release|Any CPU
		{FA9FB8BC-D7C4-4701-8979-AD09CA2340BE}.Release|Any CPU.Build.0 = Release|Any CPU
		{AF6F573A-7610-4AA3-9E42-6F7EB80D4F64}.Debug|Any CPU.ActiveCfg = Debug|Any CPU
		{AF6F573A-7610-4AA3-9E42-6F7EB80D4F64}.Debug|Any CPU.Build.0 = Debug|Any CPU
		{AF6F573A-7610-4AA3-9E42-6F7EB80D4F64}.Release|Any CPU.ActiveCfg = Release|Any CPU
		{AF6F573A-7610-4AA3-9E42-6F7EB80D4F64}.Release|Any CPU.Build.0 = Release|Any CPU
		{AAE8AC71-0A22-48DE-8CA2-CCFAD54A9FAE}.Debug|Any CPU.ActiveCfg = Debug|Any CPU
		{AAE8AC71-0A22-48DE-8CA2-CCFAD54A9FAE}.Debug|Any CPU.Build.0 = Debug|Any CPU
		{AAE8AC71-0A22-48DE-8CA2-CCFAD54A9FAE}.Release|Any CPU.ActiveCfg = Release|Any CPU
		{AAE8AC71-0A22-48DE-8CA2-CCFAD54A9FAE}.Release|Any CPU.Build.0 = Release|Any CPU
		{BC621A78-A4AC-47D4-8B4B-BB20C922A939}.Debug|Any CPU.ActiveCfg = Debug|Any CPU
		{BC621A78-A4AC-47D4-8B4B-BB20C922A939}.Debug|Any CPU.Build.0 = Debug|Any CPU
		{BC621A78-A4AC-47D4-8B4B-BB20C922A939}.Release|Any CPU.ActiveCfg = Release|Any CPU
		{BC621A78-A4AC-47D4-8B4B-BB20C922A939}.Release|Any CPU.Build.0 = Release|Any CPU
		{89FF15DE-D495-4104-97C6-EFCA41EC7EE9}.Debug|Any CPU.ActiveCfg = Debug|Any CPU
		{89FF15DE-D495-4104-97C6-EFCA41EC7EE9}.Debug|Any CPU.Build.0 = Debug|Any CPU
		{89FF15DE-D495-4104-97C6-EFCA41EC7EE9}.Release|Any CPU.ActiveCfg = Release|Any CPU
		{89FF15DE-D495-4104-97C6-EFCA41EC7EE9}.Release|Any CPU.Build.0 = Release|Any CPU
		{993351F8-05E1-4B0A-99D7-50C8D9359678}.Debug|Any CPU.ActiveCfg = Debug|Any CPU
		{993351F8-05E1-4B0A-99D7-50C8D9359678}.Debug|Any CPU.Build.0 = Debug|Any CPU
		{993351F8-05E1-4B0A-99D7-50C8D9359678}.Release|Any CPU.ActiveCfg = Release|Any CPU
		{993351F8-05E1-4B0A-99D7-50C8D9359678}.Release|Any CPU.Build.0 = Release|Any CPU
		{F92826F4-19D6-4151-93FB-BD134C124240}.Debug|Any CPU.ActiveCfg = Debug|Any CPU
		{F92826F4-19D6-4151-93FB-BD134C124240}.Debug|Any CPU.Build.0 = Debug|Any CPU
		{F92826F4-19D6-4151-93FB-BD134C124240}.Release|Any CPU.ActiveCfg = Release|Any CPU
		{F92826F4-19D6-4151-93FB-BD134C124240}.Release|Any CPU.Build.0 = Release|Any CPU
		{CDA2BD44-8E75-4454-8C12-A8F8590A8475}.Debug|Any CPU.ActiveCfg = Debug|Any CPU
		{CDA2BD44-8E75-4454-8C12-A8F8590A8475}.Debug|Any CPU.Build.0 = Debug|Any CPU
		{CDA2BD44-8E75-4454-8C12-A8F8590A8475}.Release|Any CPU.ActiveCfg = Release|Any CPU
		{CDA2BD44-8E75-4454-8C12-A8F8590A8475}.Release|Any CPU.Build.0 = Release|Any CPU
		{9F4815DE-59D7-4F98-B6F2-7D8ABA23C549}.Debug|Any CPU.ActiveCfg = Debug|Any CPU
		{9F4815DE-59D7-4F98-B6F2-7D8ABA23C549}.Debug|Any CPU.Build.0 = Debug|Any CPU
		{9F4815DE-59D7-4F98-B6F2-7D8ABA23C549}.Release|Any CPU.ActiveCfg = Release|Any CPU
		{9F4815DE-59D7-4F98-B6F2-7D8ABA23C549}.Release|Any CPU.Build.0 = Release|Any CPU
		{DE610AC1-70FE-4BBE-8B55-0FA439E5BB78}.Debug|Any CPU.ActiveCfg = Debug|Any CPU
		{DE610AC1-70FE-4BBE-8B55-0FA439E5BB78}.Debug|Any CPU.Build.0 = Debug|Any CPU
		{DE610AC1-70FE-4BBE-8B55-0FA439E5BB78}.Release|Any CPU.ActiveCfg = Release|Any CPU
		{DE610AC1-70FE-4BBE-8B55-0FA439E5BB78}.Release|Any CPU.Build.0 = Release|Any CPU
		{6A124866-8429-47C3-BA54-E7B570A8940D}.Debug|Any CPU.ActiveCfg = Debug|Any CPU
		{6A124866-8429-47C3-BA54-E7B570A8940D}.Debug|Any CPU.Build.0 = Debug|Any CPU
		{6A124866-8429-47C3-BA54-E7B570A8940D}.Release|Any CPU.ActiveCfg = Release|Any CPU
		{6A124866-8429-47C3-BA54-E7B570A8940D}.Release|Any CPU.Build.0 = Release|Any CPU
		{64887F6B-F401-4C90-A1DE-79320919EA98}.Debug|Any CPU.ActiveCfg = Debug|Any CPU
		{64887F6B-F401-4C90-A1DE-79320919EA98}.Debug|Any CPU.Build.0 = Debug|Any CPU
		{64887F6B-F401-4C90-A1DE-79320919EA98}.Release|Any CPU.ActiveCfg = Release|Any CPU
		{64887F6B-F401-4C90-A1DE-79320919EA98}.Release|Any CPU.Build.0 = Release|Any CPU
		{A2BBB83C-9249-4C57-8A6F-657AB4DAEDA3}.Debug|Any CPU.ActiveCfg = Debug|Any CPU
		{A2BBB83C-9249-4C57-8A6F-657AB4DAEDA3}.Debug|Any CPU.Build.0 = Debug|Any CPU
		{A2BBB83C-9249-4C57-8A6F-657AB4DAEDA3}.Release|Any CPU.ActiveCfg = Release|Any CPU
		{A2BBB83C-9249-4C57-8A6F-657AB4DAEDA3}.Release|Any CPU.Build.0 = Release|Any CPU
	EndGlobalSection
	GlobalSection(SolutionProperties) = preSolution
		HideSolutionNode = FALSE
	EndGlobalSection
EndGlobal
