
Microsoft Visual Studio Solution File, Format Version 12.00
# Visual Studio 14
VisualStudioVersion = 14.0.25420.1
MinimumVisualStudioVersion = 10.0.40219.1
Project("{FAE04EC0-301F-11D3-BF4B-00C04F79EFBC}") = "StrangeLandNumbers", "StrangeLandNumbers\StrangeLandNumbers.csproj", "{E8EED9CF-4163-468D-A6D9-3DB1528F1EA8}"
EndProject
Project("{FAE04EC0-301F-11D3-BF4B-00C04F79EFBC}") = "TwoGirlsOnePath", "TwoGirlsOnePath\TwoGirlsOnePath.csproj", "{A1FA43CD-45BD-4E96-8C6B-27EE257B3C3E}"
EndProject
Project("{FAE04EC0-301F-11D3-BF4B-00C04F79EFBC}") = "Digits", "Digits\Digits.csproj", "{4C3DF36F-9B70-4FFD-8446-3B6C0B08489A}"
EndProject
Project("{FAE04EC0-301F-11D3-BF4B-00C04F79EFBC}") = "Temp", "Temp\Temp.csproj", "{B92E0A61-E8FF-4BAE-A778-FC57E0453897}"
EndProject
Project("{FAE04EC0-301F-11D3-BF4B-00C04F79EFBC}") = "RelevanceIndex", "RelevanceIndex\RelevanceIndex.csproj", "{3B0E4BB4-F7C6-4A97-9F56-05F224D1FD6B}"
EndProject
Project("{FAE04EC0-301F-11D3-BF4B-00C04F79EFBC}") = "DogeCoin", "DogeCoin\DogeCoin.csproj", "{ACD8164C-AE72-4CF9-B02F-2BF4032FDF1C}"
EndProject
Global
	GlobalSection(SolutionConfigurationPlatforms) = preSolution
		Debug|Any CPU = Debug|Any CPU
		Release|Any CPU = Release|Any CPU
	EndGlobalSection
	GlobalSection(ProjectConfigurationPlatforms) = postSolution
		{E8EED9CF-4163-468D-A6D9-3DB1528F1EA8}.Debug|Any CPU.ActiveCfg = Debug|Any CPU
		{E8EED9CF-4163-468D-A6D9-3DB1528F1EA8}.Debug|Any CPU.Build.0 = Debug|Any CPU
		{E8EED9CF-4163-468D-A6D9-3DB1528F1EA8}.Release|Any CPU.ActiveCfg = Release|Any CPU
		{E8EED9CF-4163-468D-A6D9-3DB1528F1EA8}.Release|Any CPU.Build.0 = Release|Any CPU
		{A1FA43CD-45BD-4E96-8C6B-27EE257B3C3E}.Debug|Any CPU.ActiveCfg = Debug|Any CPU
		{A1FA43CD-45BD-4E96-8C6B-27EE257B3C3E}.Debug|Any CPU.Build.0 = Debug|Any CPU
		{A1FA43CD-45BD-4E96-8C6B-27EE257B3C3E}.Release|Any CPU.ActiveCfg = Release|Any CPU
		{A1FA43CD-45BD-4E96-8C6B-27EE257B3C3E}.Release|Any CPU.Build.0 = Release|Any CPU
		{4C3DF36F-9B70-4FFD-8446-3B6C0B08489A}.Debug|Any CPU.ActiveCfg = Debug|Any CPU
		{4C3DF36F-9B70-4FFD-8446-3B6C0B08489A}.Debug|Any CPU.Build.0 = Debug|Any CPU
		{4C3DF36F-9B70-4FFD-8446-3B6C0B08489A}.Release|Any CPU.ActiveCfg = Release|Any CPU
		{4C3DF36F-9B70-4FFD-8446-3B6C0B08489A}.Release|Any CPU.Build.0 = Release|Any CPU
		{B92E0A61-E8FF-4BAE-A778-FC57E0453897}.Debug|Any CPU.ActiveCfg = Debug|Any CPU
		{B92E0A61-E8FF-4BAE-A778-FC57E0453897}.Debug|Any CPU.Build.0 = Debug|Any CPU
		{B92E0A61-E8FF-4BAE-A778-FC57E0453897}.Release|Any CPU.ActiveCfg = Release|Any CPU
		{B92E0A61-E8FF-4BAE-A778-FC57E0453897}.Release|Any CPU.Build.0 = Release|Any CPU
		{3B0E4BB4-F7C6-4A97-9F56-05F224D1FD6B}.Debug|Any CPU.ActiveCfg = Debug|Any CPU
		{3B0E4BB4-F7C6-4A97-9F56-05F224D1FD6B}.Debug|Any CPU.Build.0 = Debug|Any CPU
		{3B0E4BB4-F7C6-4A97-9F56-05F224D1FD6B}.Release|Any CPU.ActiveCfg = Release|Any CPU
		{3B0E4BB4-F7C6-4A97-9F56-05F224D1FD6B}.Release|Any CPU.Build.0 = Release|Any CPU
		{ACD8164C-AE72-4CF9-B02F-2BF4032FDF1C}.Debug|Any CPU.ActiveCfg = Debug|Any CPU
		{ACD8164C-AE72-4CF9-B02F-2BF4032FDF1C}.Debug|Any CPU.Build.0 = Debug|Any CPU
		{ACD8164C-AE72-4CF9-B02F-2BF4032FDF1C}.Release|Any CPU.ActiveCfg = Release|Any CPU
		{ACD8164C-AE72-4CF9-B02F-2BF4032FDF1C}.Release|Any CPU.Build.0 = Release|Any CPU
	EndGlobalSection
	GlobalSection(SolutionProperties) = preSolution
		HideSolutionNode = FALSE
	EndGlobalSection
EndGlobal
